github.com/go-sql-driver/mysql v1.5.0 h1:ozyZYNQW3x3HtqT1jira07DN2PArx2v7/mN66gGcHOs=
github.com/go-sql-driver/mysql v1.5.0/go.mod h1:DCzpHaOWr8IXmIStZouvnhqoel9Qv2LBy8hT2VhHyBg=
github.com/titech-cpp/sqlboiler v0.0.0-20200702075339-61d7c6cb6735 h1:X2tWdgwbNALgym8sArvqeXwpqOfkyVmliUyaaDYjz4A=
github.com/titech-cpp/sqlboiler/sample v0.0.0-20200702075339-61d7c6cb6735 h1:SPqJZ5ebkIk6+A99SRT4mMI6wQpz8MfzbK9cqwELaxM=
